<?xml version="1.0" encoding="utf-8"?>
<Project ToolsVersion="4.0" xmlns="http://schemas.microsoft.com/developer/msbuild/2003">
  <ItemGroup>
    <Filter Include="Shaders">
      <UniqueIdentifier>{51516506-3c50-731e-3043-c52dd088e4eb}</UniqueIdentifier>
    </Filter>
    <Filter Include="Source">
      <UniqueIdentifier>{0a033f47-0724-d0d7-7cd4-8df842131f3b}</UniqueIdentifier>
    </Filter>
    <Filter Include="Source\Editor">
      <UniqueIdentifier>{c585ed93-f205-7e75-866c-2b30ab1aa1b8}</UniqueIdentifier>
    </Filter>
    <Filter Include="Source\Editor\Selection">
      <UniqueIdentifier>{344ce312-b072-d0d0-d1d8-3923f5494af3}</UniqueIdentifier>
    </Filter>
    <Filter Include="Source\Editor\Settings">
      <UniqueIdentifier>{f1f63159-d6d3-0f21-d33b-28b883186205}</UniqueIdentifier>
    </Filter>
    <Filter Include="Source\Editor\UI">
      <UniqueIdentifier>{ea67d366-211c-1701-bde7-a5589dff0bb3}</UniqueIdentifier>
    </Filter>
    <Filter Include="Source\Editor\Viewport">
      <UniqueIdentifier>{daa31a20-9051-7bff-dd01-1ac275b180bc}</UniqueIdentifier>
    </Filter>
    <Filter Include="Source\Engine">
      <UniqueIdentifier>{a51a40a8-893c-4f7b-8caa-dd776558871c}</UniqueIdentifier>
    </Filter>
    <Filter Include="Source\Engine\Component">
      <UniqueIdentifier>{d111fbef-3f32-15ad-4b2b-ad9a7ad0daa1}</UniqueIdentifier>
    </Filter>
    <Filter Include="Source\Engine\Core">
      <UniqueIdentifier>{9402f8a9-f0f0-5c70-3e7f-0e5e42fbbd84}</UniqueIdentifier>
    </Filter>
    <Filter Include="Source\Engine\GameFramework">
      <UniqueIdentifier>{d9c596d7-cbf7-2e6b-110d-212ff698d063}</UniqueIdentifier>
    </Filter>
    <Filter Include="Source\Engine\Math">
      <UniqueIdentifier>{0ccfc3cf-546c-43b3-75c2-b795af8de30c}</UniqueIdentifier>
    </Filter>
    <Filter Include="Source\Engine\Mesh">
      <UniqueIdentifier>{a60dfb6c-ab03-fda0-4449-e5e1482f2f0c}</UniqueIdentifier>
    </Filter>
    <Filter Include="Source\Engine\Object">
      <UniqueIdentifier>{e8d1f467-cb3b-531b-7d0e-8bb8976113d4}</UniqueIdentifier>
    </Filter>
    <Filter Include="Source\Engine\Render">
      <UniqueIdentifier>{cdd2842c-eb60-7985-2ea8-fe705ea5684c}</UniqueIdentifier>
    </Filter>
    <Filter Include="Source\Engine\Render\Common">
      <UniqueIdentifier>{b23ddcac-eb43-13b4-94b8-8357d2ea0115}</UniqueIdentifier>
    </Filter>
    <Filter Include="Source\Engine\Render\Device">
      <UniqueIdentifier>{a20e5ebd-e66d-5466-6c67-8458751f6720}</UniqueIdentifier>
    </Filter>
    <Filter Include="Source\Engine\Render\Mesh">
      <UniqueIdentifier>{d6158f71-d72d-873e-44ca-ba89747b4ea9}</UniqueIdentifier>
    </Filter>
    <Filter Include="Source\Engine\Render\Renderer">
      <UniqueIdentifier>{a498e04c-a8e9-d4bd-b0b9-9bdfc86efe2b}</UniqueIdentifier>
    </Filter>
    <Filter Include="Source\Engine\Render\Resource">
      <UniqueIdentifier>{bfd2c5be-cc57-e320-31c6-4db5631e97c3}</UniqueIdentifier>
    </Filter>
    <Filter Include="Source\Engine\Render\Scene">
      <UniqueIdentifier>{c1ed946f-74ab-efbc-7843-80fe15851055}</UniqueIdentifier>
    </Filter>
    <Filter Include="Source\Engine\Runtime">
      <UniqueIdentifier>{53c5d3b0-c363-d8d9-885d-a8aa828a6949}</UniqueIdentifier>
    </Filter>
    <Filter Include="Source\Engine\Serialization">
      <UniqueIdentifier>{ed75d9ef-2b75-72a2-4c98-1326dfc67dce}</UniqueIdentifier>
    </Filter>
    <Filter Include="Source\Engine\UI">
      <UniqueIdentifier>{978b827b-4b84-fdec-420b-c2481e6f0df1}</UniqueIdentifier>
    </Filter>
    <Filter Include="Source\Engine\Viewport">
      <UniqueIdentifier>{84707852-b155-2407-cdf2-09988659e24f}</UniqueIdentifier>
    </Filter>
    <Filter Include="ThirdParty">
      <UniqueIdentifier>{51ccac55-c57b-2335-9433-7e77a14324cc}</UniqueIdentifier>
    </Filter>
    <Filter Include="ThirdParty\ImGui">
      <UniqueIdentifier>{c082b9b1-238d-179d-6153-706807463c06}</UniqueIdentifier>
    </Filter>
    <Filter Include="ThirdParty\SimpleJSON">
      <UniqueIdentifier>{54938148-f820-5bb1-652c-4ca7319c3c66}</UniqueIdentifier>
    </Filter>
  </ItemGroup>
  <ItemGroup>
    <FxCompile Include="Shaders\Common.hlsl">
      <Filter>Shaders</Filter>
    </FxCompile>
    <FxCompile Include="Shaders\Editor.hlsl">
      <Filter>Shaders</Filter>
    </FxCompile>
    <FxCompile Include="Shaders\Gizmo.hlsl">
      <Filter>Shaders</Filter>
    </FxCompile>
    <FxCompile Include="Shaders\Outline.hlsl">
      <Filter>Shaders</Filter>
    </FxCompile>
    <FxCompile Include="Shaders\Primitive.hlsl">
      <Filter>Shaders</Filter>
    </FxCompile>
    <FxCompile Include="Shaders\ShaderFont.hlsl">
      <Filter>Shaders</Filter>
    </FxCompile>
    <FxCompile Include="Shaders\ShaderLine.hlsl">
      <Filter>Shaders</Filter>
    </FxCompile>
    <FxCompile Include="Shaders\ShaderSubUV.hlsl">
      <Filter>Shaders</Filter>
    </FxCompile>
    <FxCompile Include="Shaders\StaticMeshShader.hlsl">
      <Filter>Shaders</Filter>
    </FxCompile>
  </ItemGroup>
  <ItemGroup>
    <ClCompile Include="Source\Editor\EditorEngine.cpp">
      <Filter>Source\Editor</Filter>
    </ClCompile>
    <ClCompile Include="Source\Editor\EditorRenderPipeline.cpp">
      <Filter>Source\Editor</Filter>
    </ClCompile>
    <ClCompile Include="Source\Editor\Selection\SelectionManager.cpp">
      <Filter>Source\Editor\Selection</Filter>
    </ClCompile>
    <ClCompile Include="Source\Editor\Settings\EditorSettings.cpp">
      <Filter>Source\Editor\Settings</Filter>
    </ClCompile>
    <ClCompile Include="Source\Editor\UI\EditorConsoleWidget.cpp">
      <Filter>Source\Editor\UI</Filter>
    </ClCompile>
    <ClCompile Include="Source\Editor\UI\EditorControlWidget.cpp">
      <Filter>Source\Editor\UI</Filter>
    </ClCompile>
    <ClCompile Include="Source\Editor\UI\EditorMainPanel.cpp">
      <Filter>Source\Editor\UI</Filter>
    </ClCompile>
    <ClCompile Include="Source\Editor\UI\EditorPropertyWidget.cpp">
      <Filter>Source\Editor\UI</Filter>
    </ClCompile>
    <ClCompile Include="Source\Editor\UI\EditorSceneWidget.cpp">
      <Filter>Source\Editor\UI</Filter>
    </ClCompile>
    <ClCompile Include="Source\Editor\UI\EditorStatWidget.cpp">
      <Filter>Source\Editor\UI</Filter>
    </ClCompile>
    <ClCompile Include="Source\Editor\UI\EditorViewportOverlayWidget.cpp">
      <Filter>Source\Editor\UI</Filter>
    </ClCompile>
    <ClCompile Include="Source\Editor\UI\EditorWidget.cpp">
      <Filter>Source\Editor\UI</Filter>
    </ClCompile>
    <ClCompile Include="Source\Editor\Viewport\EditorViewportClient.cpp">
      <Filter>Source\Editor\Viewport</Filter>
    </ClCompile>
    <ClCompile Include="Source\Engine\Component\ActorComponent.cpp">
      <Filter>Source\Engine\Component</Filter>
    </ClCompile>
    <ClCompile Include="Source\Engine\Component\BillboardComponent.cpp">
      <Filter>Source\Engine\Component</Filter>
    </ClCompile>
    <ClCompile Include="Source\Engine\Component\CameraComponent.cpp">
      <Filter>Source\Engine\Component</Filter>
    </ClCompile>
    <ClCompile Include="Source\Engine\Component\GizmoComponent.cpp">
      <Filter>Source\Engine\Component</Filter>
    </ClCompile>
    <ClCompile Include="Source\Engine\Component\MeshComponent.cpp">
      <Filter>Source\Engine\Component</Filter>
    </ClCompile>
    <ClCompile Include="Source\Engine\Component\PrimitiveComponent.cpp">
      <Filter>Source\Engine\Component</Filter>
    </ClCompile>
    <ClCompile Include="Source\Engine\Component\SceneComponent.cpp">
      <Filter>Source\Engine\Component</Filter>
    </ClCompile>
    <ClCompile Include="Source\Engine\Component\StaticMeshComponent.cpp">
      <Filter>Source\Engine\Component</Filter>
    </ClCompile>
    <ClCompile Include="Source\Engine\Component\SubUVComponent.cpp">
      <Filter>Source\Engine\Component</Filter>
    </ClCompile>
    <ClCompile Include="Source\Engine\Component\TextRenderComponent.cpp">
      <Filter>Source\Engine\Component</Filter>
    </ClCompile>
    <ClCompile Include="Source\Engine\Core\CrashDump.cpp">
      <Filter>Source\Engine\Core</Filter>
    </ClCompile>
    <ClCompile Include="Source\Engine\Core\EngineTypes.cpp">
      <Filter>Source\Engine\Core</Filter>
    </ClCompile>
    <ClCompile Include="Source\Engine\Core\GPUProfiler.cpp">
      <Filter>Source\Engine\Core</Filter>
    </ClCompile>
    <ClCompile Include="Source\Engine\Core\InputSystem.cpp">
      <Filter>Source\Engine\Core</Filter>
    </ClCompile>
    <ClCompile Include="Source\Engine\Core\Paths.cpp">
      <Filter>Source\Engine\Core</Filter>
    </ClCompile>
    <ClCompile Include="Source\Engine\Core\ResourceManager.cpp">
      <Filter>Source\Engine\Core</Filter>
    </ClCompile>
    <ClCompile Include="Source\Engine\Core\Stats.cpp">
      <Filter>Source\Engine\Core</Filter>
    </ClCompile>
    <ClCompile Include="Source\Engine\Core\Timer.cpp">
      <Filter>Source\Engine\Core</Filter>
    </ClCompile>
    <ClCompile Include="Source\Engine\GameFramework\AActor.cpp">
      <Filter>Source\Engine\GameFramework</Filter>
    </ClCompile>
    <ClCompile Include="Source\Engine\GameFramework\PrimitiveActors.cpp">
      <Filter>Source\Engine\GameFramework</Filter>
    </ClCompile>
    <ClCompile Include="Source\Engine\GameFramework\World.cpp">
      <Filter>Source\Engine\GameFramework</Filter>
    </ClCompile>
    <ClCompile Include="Source\Engine\Math\Matrix.cpp">
      <Filter>Source\Engine\Math</Filter>
    </ClCompile>
    <ClCompile Include="Source\Engine\Math\Transform.cpp">
      <Filter>Source\Engine\Math</Filter>
    </ClCompile>
    <ClCompile Include="Source\Engine\Math\Utils.cpp">
      <Filter>Source\Engine\Math</Filter>
    </ClCompile>
    <ClCompile Include="Source\Engine\Math\Vector.cpp">
      <Filter>Source\Engine\Math</Filter>
    </ClCompile>
    <ClCompile Include="Source\Engine\Mesh\ObjImporter.cpp">
      <Filter>Source\Engine\Mesh</Filter>
    </ClCompile>
    <ClCompile Include="Source\Engine\Mesh\ObjManager.cpp">
      <Filter>Source\Engine\Mesh</Filter>
    </ClCompile>
    <ClCompile Include="Source\Engine\Mesh\StaticMesh.cpp">
      <Filter>Source\Engine\Mesh</Filter>
    </ClCompile>
    <ClCompile Include="Source\Engine\Object\EngineStatics.cpp">
      <Filter>Source\Engine\Object</Filter>
    </ClCompile>
    <ClCompile Include="Source\Engine\Object\FName.cpp">
      <Filter>Source\Engine\Object</Filter>
    </ClCompile>
    <ClCompile Include="Source\Engine\Object\Object.cpp">
      <Filter>Source\Engine\Object</Filter>
    </ClCompile>
    <ClCompile Include="Source\Engine\Render\FontBatcher.cpp">
      <Filter>Source\Engine\Render</Filter>
    </ClCompile>
    <ClCompile Include="Source\Engine\Render\LineBatcher.cpp">
      <Filter>Source\Engine\Render</Filter>
    </ClCompile>
    <ClCompile Include="Source\Engine\Render\SubUVBatcher.cpp">
      <Filter>Source\Engine\Render</Filter>
    </ClCompile>
    <ClCompile Include="Source\Engine\Render\Device\D3DDevice.cpp">
      <Filter>Source\Engine\Render\Device</Filter>
    </ClCompile>
    <ClCompile Include="Source\Engine\Render\Mesh\MeshManager.cpp">
      <Filter>Source\Engine\Render\Mesh</Filter>
    </ClCompile>
    <ClCompile Include="Source\Engine\Render\Renderer\DefaultRenderPipeline.cpp">
      <Filter>Source\Engine\Render\Renderer</Filter>
    </ClCompile>
    <ClCompile Include="Source\Engine\Render\Renderer\Renderer.cpp">
      <Filter>Source\Engine\Render\Renderer</Filter>
    </ClCompile>
    <ClCompile Include="Source\Engine\Render\Resource\Buffer.cpp">
      <Filter>Source\Engine\Render\Resource</Filter>
    </ClCompile>
    <ClCompile Include="Source\Engine\Render\Resource\MeshBufferManager.cpp">
      <Filter>Source\Engine\Render\Resource</Filter>
    </ClCompile>
    <ClCompile Include="Source\Engine\Render\Resource\Shader.cpp">
      <Filter>Source\Engine\Render\Resource</Filter>
    </ClCompile>
    <ClCompile Include="Source\Engine\Render\Scene\RenderBus.cpp">
      <Filter>Source\Engine\Render\Scene</Filter>
    </ClCompile>
    <ClCompile Include="Source\Engine\Render\Scene\RenderCollector.cpp">
      <Filter>Source\Engine\Render\Scene</Filter>
    </ClCompile>
    <ClCompile Include="Source\Engine\Runtime\Engine.cpp">
      <Filter>Source\Engine\Runtime</Filter>
    </ClCompile>
    <ClCompile Include="Source\Engine\Runtime\EngineLoop.cpp">
      <Filter>Source\Engine\Runtime</Filter>
    </ClCompile>
    <ClCompile Include="Source\Engine\Runtime\Launch.cpp">
      <Filter>Source\Engine\Runtime</Filter>
    </ClCompile>
    <ClCompile Include="Source\Engine\Runtime\WindowsApplication.cpp">
      <Filter>Source\Engine\Runtime</Filter>
    </ClCompile>
    <ClCompile Include="Source\Engine\Runtime\WindowsWindow.cpp">
      <Filter>Source\Engine\Runtime</Filter>
    </ClCompile>
    <ClCompile Include="Source\Engine\Serialization\SceneSaveManager.cpp">
      <Filter>Source\Engine\Serialization</Filter>
    </ClCompile>
    <ClCompile Include="Source\Engine\UI\SSplitter.cpp">
      <Filter>Source\Engine\UI</Filter>
    </ClCompile>
    <ClCompile Include="Source\Engine\UI\SWindow.cpp">
      <Filter>Source\Engine\UI</Filter>
    </ClCompile>
    <ClCompile Include="Source\Engine\Viewport\Viewport.cpp">
      <Filter>Source\Engine\Viewport</Filter>
    </ClCompile>
    <ClCompile Include="Source\Engine\Viewport\ViewportClient.cpp">
      <Filter>Source\Engine\Viewport</Filter>
    </ClCompile>
    <ClCompile Include="ThirdParty\ImGui\imgui.cpp">
      <Filter>ThirdParty\ImGui</Filter>
    </ClCompile>
    <ClCompile Include="ThirdParty\ImGui\imgui_demo.cpp">
      <Filter>ThirdParty\ImGui</Filter>
    </ClCompile>
    <ClCompile Include="ThirdParty\ImGui\imgui_draw.cpp">
      <Filter>ThirdParty\ImGui</Filter>
    </ClCompile>
    <ClCompile Include="ThirdParty\ImGui\imgui_impl_dx11.cpp">
      <Filter>ThirdParty\ImGui</Filter>
    </ClCompile>
    <ClCompile Include="ThirdParty\ImGui\imgui_impl_win32.cpp">
      <Filter>ThirdParty\ImGui</Filter>
    </ClCompile>
    <ClCompile Include="ThirdParty\ImGui\imgui_tables.cpp">
      <Filter>ThirdParty\ImGui</Filter>
    </ClCompile>
    <ClCompile Include="ThirdParty\ImGui\imgui_widgets.cpp">
      <Filter>ThirdParty\ImGui</Filter>
    </ClCompile>
    <ClCompile Include="main.cpp" />
  </ItemGroup>
  <ItemGroup>
    <ClInclude Include="Source\Editor\EditorEngine.h">
      <Filter>Source\Editor</Filter>
    </ClInclude>
    <ClInclude Include="Source\Editor\EditorRenderPipeline.h">
      <Filter>Source\Editor</Filter>
    </ClInclude>
    <ClInclude Include="Source\Editor\Selection\SelectionManager.h">
      <Filter>Source\Editor\Selection</Filter>
    </ClInclude>
    <ClInclude Include="Source\Editor\Settings\EditorSettings.h">
      <Filter>Source\Editor\Settings</Filter>
    </ClInclude>
    <ClInclude Include="Source\Editor\UI\EditorConsoleWidget.h">
      <Filter>Source\Editor\UI</Filter>
    </ClInclude>
    <ClInclude Include="Source\Editor\UI\EditorControlWidget.h">
      <Filter>Source\Editor\UI</Filter>
    </ClInclude>
    <ClInclude Include="Source\Editor\UI\EditorMainPanel.h">
      <Filter>Source\Editor\UI</Filter>
    </ClInclude>
    <ClInclude Include="Source\Editor\UI\EditorPropertyWidget.h">
      <Filter>Source\Editor\UI</Filter>
    </ClInclude>
    <ClInclude Include="Source\Editor\UI\EditorSceneWidget.h">
      <Filter>Source\Editor\UI</Filter>
    </ClInclude>
    <ClInclude Include="Source\Editor\UI\EditorStatWidget.h">
      <Filter>Source\Editor\UI</Filter>
    </ClInclude>
    <ClInclude Include="Source\Editor\UI\EditorViewportOverlayWidget.h">
      <Filter>Source\Editor\UI</Filter>
    </ClInclude>
    <ClInclude Include="Source\Editor\UI\EditorWidget.h">
      <Filter>Source\Editor\UI</Filter>
    </ClInclude>
    <ClInclude Include="Source\Editor\Viewport\CursorOverlayState.h">
      <Filter>Source\Editor\Viewport</Filter>
    </ClInclude>
    <ClInclude Include="Source\Editor\Viewport\EditorViewportClient.h">
      <Filter>Source\Editor\Viewport</Filter>
    </ClInclude>
    <ClInclude Include="Source\Engine\Component\ActorComponent.h">
      <Filter>Source\Engine\Component</Filter>
    </ClInclude>
    <ClInclude Include="Source\Engine\Component\BillboardComponent.h">
      <Filter>Source\Engine\Component</Filter>
    </ClInclude>
    <ClInclude Include="Source\Engine\Component\CameraComponent.h">
      <Filter>Source\Engine\Component</Filter>
    </ClInclude>
    <ClInclude Include="Source\Engine\Component\GizmoComponent.h">
      <Filter>Source\Engine\Component</Filter>
    </ClInclude>
    <ClInclude Include="Source\Engine\Component\MeshComponent.h">
      <Filter>Source\Engine\Component</Filter>
    </ClInclude>
    <ClInclude Include="Source\Engine\Component\PrimitiveComponent.h">
      <Filter>Source\Engine\Component</Filter>
    </ClInclude>
    <ClInclude Include="Source\Engine\Component\SceneComponent.h">
      <Filter>Source\Engine\Component</Filter>
    </ClInclude>
    <ClInclude Include="Source\Engine\Component\StaticMeshComponent.h">
      <Filter>Source\Engine\Component</Filter>
    </ClInclude>
    <ClInclude Include="Source\Engine\Component\SubUVComponent.h">
      <Filter>Source\Engine\Component</Filter>
    </ClInclude>
    <ClInclude Include="Source\Engine\Component\TextRenderComponent.h">
      <Filter>Source\Engine\Component</Filter>
    </ClInclude>
    <ClInclude Include="Source\Engine\Core\CollisionTypes.h">
      <Filter>Source\Engine\Core</Filter>
    </ClInclude>
    <ClInclude Include="Source\Engine\Core\Common.h">
      <Filter>Source\Engine\Core</Filter>
    </ClInclude>
    <ClInclude Include="Source\Engine\Core\ConsoleHelper.h">
      <Filter>Source\Engine\Core</Filter>
    </ClInclude>
    <ClInclude Include="Source\Engine\Core\CoreTypes.h">
      <Filter>Source\Engine\Core</Filter>
    </ClInclude>
    <ClInclude Include="Source\Engine\Core\CrashDump.h">
      <Filter>Source\Engine\Core</Filter>
    </ClInclude>
    <ClInclude Include="Source\Engine\Core\Debug.h">
      <Filter>Source\Engine\Core</Filter>
    </ClInclude>
    <ClInclude Include="Source\Engine\Core\EngineTypes.h">
      <Filter>Source\Engine\Core</Filter>
    </ClInclude>
    <ClInclude Include="Source\Engine\Core\GPUProfiler.h">
      <Filter>Source\Engine\Core</Filter>
    </ClInclude>
    <ClInclude Include="Source\Engine\Core\InputSystem.h">
      <Filter>Source\Engine\Core</Filter>
    </ClInclude>
    <ClInclude Include="Source\Engine\Core\Paths.h">
      <Filter>Source\Engine\Core</Filter>
    </ClInclude>
    <ClInclude Include="Source\Engine\Core\PropertyTypes.h">
      <Filter>Source\Engine\Core</Filter>
    </ClInclude>
    <ClInclude Include="Source\Engine\Core\RayTypes.h">
      <Filter>Source\Engine\Core</Filter>
    </ClInclude>
    <ClInclude Include="Source\Engine\Core\ResourceManager.h">
      <Filter>Source\Engine\Core</Filter>
    </ClInclude>
    <ClInclude Include="Source\Engine\Core\ResourceTypes.h">
      <Filter>Source\Engine\Core</Filter>
    </ClInclude>
    <ClInclude Include="Source\Engine\Core\Singleton.h">
      <Filter>Source\Engine\Core</Filter>
    </ClInclude>
    <ClInclude Include="Source\Engine\Core\Stats.h">
      <Filter>Source\Engine\Core</Filter>
    </ClInclude>
    <ClInclude Include="Source\Engine\Core\Timer.h">
      <Filter>Source\Engine\Core</Filter>
    </ClInclude>
    <ClInclude Include="Source\Engine\GameFramework\AActor.h">
      <Filter>Source\Engine\GameFramework</Filter>
    </ClInclude>
    <ClInclude Include="Source\Engine\GameFramework\PrimitiveActors.h">
      <Filter>Source\Engine\GameFramework</Filter>
    </ClInclude>
    <ClInclude Include="Source\Engine\GameFramework\World.h">
      <Filter>Source\Engine\GameFramework</Filter>
    </ClInclude>
    <ClInclude Include="Source\Engine\GameFramework\WorldContext.h">
      <Filter>Source\Engine\GameFramework</Filter>
    </ClInclude>
    <ClInclude Include="Source\Engine\Math\Matrix.h">
      <Filter>Source\Engine\Math</Filter>
    </ClInclude>
    <ClInclude Include="Source\Engine\Math\Transform.h">
      <Filter>Source\Engine\Math</Filter>
    </ClInclude>
    <ClInclude Include="Source\Engine\Math\Utils.h">
      <Filter>Source\Engine\Math</Filter>
    </ClInclude>
    <ClInclude Include="Source\Engine\Math\Vector.h">
      <Filter>Source\Engine\Math</Filter>
    </ClInclude>
    <ClInclude Include="Source\Engine\Mesh\ObjImporter.h">
      <Filter>Source\Engine\Mesh</Filter>
    </ClInclude>
    <ClInclude Include="Source\Engine\Mesh\ObjManager.h">
      <Filter>Source\Engine\Mesh</Filter>
    </ClInclude>
    <ClInclude Include="Source\Engine\Mesh\StaticMesh.h">
      <Filter>Source\Engine\Mesh</Filter>
    </ClInclude>
    <ClInclude Include="Source\Engine\Mesh\StaticMeshAsset.h">
      <Filter>Source\Engine\Mesh</Filter>
    </ClInclude>
    <ClInclude Include="Source\Engine\Object\EngineStatics.h">
      <Filter>Source\Engine\Object</Filter>
    </ClInclude>
    <ClInclude Include="Source\Engine\Object\FName.h">
      <Filter>Source\Engine\Object</Filter>
    </ClInclude>
    <ClInclude Include="Source\Engine\Object\Object.h">
      <Filter>Source\Engine\Object</Filter>
    </ClInclude>
    <ClInclude Include="Source\Engine\Object\ObjectFactory.h">
      <Filter>Source\Engine\Object</Filter>
    </ClInclude>
    <ClInclude Include="Source\Engine\Object\ObjectIterator.h">
      <Filter>Source\Engine\Object</Filter>
    </ClInclude>
    <ClInclude Include="Source\Engine\Render\FontBatcher.h">
      <Filter>Source\Engine\Render</Filter>
    </ClInclude>
    <ClInclude Include="Source\Engine\Render\LineBatcher.h">
      <Filter>Source\Engine\Render</Filter>
    </ClInclude>
    <ClInclude Include="Source\Engine\Render\SubUVBatcher.h">
      <Filter>Source\Engine\Render</Filter>
    </ClInclude>
    <ClInclude Include="Source\Engine\Render\Common\RenderTypes.h">
      <Filter>Source\Engine\Render\Common</Filter>
    </ClInclude>
    <ClInclude Include="Source\Engine\Render\Common\ViewTypes.h">
      <Filter>Source\Engine\Render\Common</Filter>
    </ClInclude>
    <ClInclude Include="Source\Engine\Render\Device\D3DDevice.h">
      <Filter>Source\Engine\Render\Device</Filter>
    </ClInclude>
    <ClInclude Include="Source\Engine\Render\Mesh\MeshManager.h">
      <Filter>Source\Engine\Render\Mesh</Filter>
    </ClInclude>
    <ClInclude Include="Source\Engine\Render\Renderer\DefaultRenderPipeline.h">
      <Filter>Source\Engine\Render\Renderer</Filter>
    </ClInclude>
    <ClInclude Include="Source\Engine\Render\Renderer\IRenderPipeline.h">
      <Filter>Source\Engine\Render\Renderer</Filter>
    </ClInclude>
    <ClInclude Include="Source\Engine\Render\Renderer\Renderer.h">
      <Filter>Source\Engine\Render\Renderer</Filter>
    </ClInclude>
    <ClInclude Include="Source\Engine\Render\Resource\Buffer.h">
      <Filter>Source\Engine\Render\Resource</Filter>
    </ClInclude>
    <ClInclude Include="Source\Engine\Render\Resource\MeshBufferManager.h">
      <Filter>Source\Engine\Render\Resource</Filter>
    </ClInclude>
    <ClInclude Include="Source\Engine\Render\Resource\RenderResources.h">
      <Filter>Source\Engine\Render\Resource</Filter>
    </ClInclude>
    <ClInclude Include="Source\Engine\Render\Resource\Shader.h">
      <Filter>Source\Engine\Render\Resource</Filter>
    </ClInclude>
    <ClInclude Include="Source\Engine\Render\Resource\VertexTypes.h">
      <Filter>Source\Engine\Render\Resource</Filter>
    </ClInclude>
    <ClInclude Include="Source\Engine\Render\Scene\RenderBus.h">
      <Filter>Source\Engine\Render\Scene</Filter>
    </ClInclude>
    <ClInclude Include="Source\Engine\Render\Scene\RenderCollector.h">
      <Filter>Source\Engine\Render\Scene</Filter>
    </ClInclude>
    <ClInclude Include="Source\Engine\Render\Scene\RenderCollectorContext.h">
      <Filter>Source\Engine\Render\Scene</Filter>
    </ClInclude>
    <ClInclude Include="Source\Engine\Render\Scene\RenderCommand.h">
      <Filter>Source\Engine\Render\Scene</Filter>
    </ClInclude>
    <ClInclude Include="Source\Engine\Runtime\Engine.h">
      <Filter>Source\Engine\Runtime</Filter>
    </ClInclude>
    <ClInclude Include="Source\Engine\Runtime\EngineLoop.h">
      <Filter>Source\Engine\Runtime</Filter>
    </ClInclude>
    <ClInclude Include="Source\Engine\Runtime\Launch.h">
      <Filter>Source\Engine\Runtime</Filter>
    </ClInclude>
    <ClInclude Include="Source\Engine\Runtime\WindowsApplication.h">
      <Filter>Source\Engine\Runtime</Filter>
    </ClInclude>
    <ClInclude Include="Source\Engine\Runtime\WindowsWindow.h">
      <Filter>Source\Engine\Runtime</Filter>
    </ClInclude>
    <ClInclude Include="Source\Engine\Serialization\SceneSaveManager.h">
      <Filter>Source\Engine\Serialization</Filter>
    </ClInclude>
    <ClInclude Include="Source\Engine\UI\SSplitter.h">
      <Filter>Source\Engine\UI</Filter>
    </ClInclude>
    <ClInclude Include="Source\Engine\UI\SWindow.h">
      <Filter>Source\Engine\UI</Filter>
    </ClInclude>
    <ClInclude Include="Source\Engine\Viewport\Viewport.h">
      <Filter>Source\Engine\Viewport</Filter>
    </ClInclude>
    <ClInclude Include="Source\Engine\Viewport\ViewportClient.h">
      <Filter>Source\Engine\Viewport</Filter>
    </ClInclude>
    <ClInclude Include="ThirdParty\ImGui\imconfig.h">
      <Filter>ThirdParty\ImGui</Filter>
    </ClInclude>
    <ClInclude Include="ThirdParty\ImGui\imgui.h">
      <Filter>ThirdParty\ImGui</Filter>
    </ClInclude>
    <ClInclude Include="ThirdParty\ImGui\imgui_impl_dx11.h">
      <Filter>ThirdParty\ImGui</Filter>
    </ClInclude>
    <ClInclude Include="ThirdParty\ImGui\imgui_impl_win32.h">
      <Filter>ThirdParty\ImGui</Filter>
    </ClInclude>
    <ClInclude Include="ThirdParty\ImGui\imgui_internal.h">
      <Filter>ThirdParty\ImGui</Filter>
    </ClInclude>
    <ClInclude Include="ThirdParty\ImGui\imstb_rectpack.h">
      <Filter>ThirdParty\ImGui</Filter>
    </ClInclude>
    <ClInclude Include="ThirdParty\ImGui\imstb_textedit.h">
      <Filter>ThirdParty\ImGui</Filter>
    </ClInclude>
    <ClInclude Include="ThirdParty\ImGui\imstb_truetype.h">
      <Filter>ThirdParty\ImGui</Filter>
    </ClInclude>
    <ClInclude Include="ThirdParty\SimpleJSON\json.hpp">
      <Filter>ThirdParty\SimpleJSON</Filter>
    </ClInclude>
  </ItemGroup>
</Project>
